
Microsoft Visual Studio Solution File, Format Version 12.00
# Visual Studio Version 17
VisualStudioVersion = 17.13.35825.156 d17.13
MinimumVisualStudioVersion = 10.0.40219.1
Project("{FAE04EC0-301F-11D3-BF4B-00C04F79EFBC}") = "Cheat menu", "Cheat menu\Cheat menu.csproj", "{35B93DF0-3F46-462F-9716-24F34E896773}"
EndProject
Global
	GlobalSection(SolutionConfigurationPlatforms) = preSolution
		Debug|Any CPU = Debug|Any CPU
		Release|Any CPU = Release|Any CPU
	EndGlobalSection
	GlobalSection(ProjectConfigurationPlatforms) = postSolution
		{35B93DF0-3F46-462F-9716-24F34E896773}.Debug|Any CPU.ActiveCfg = Debug|Any CPU
		{35B93DF0-3F46-462F-9716-24F34E896773}.Debug|Any CPU.Build.0 = Debug|Any CPU
		{35B93DF0-3F46-462F-9716-24F34E896773}.Release|Any CPU.ActiveCfg = Release|Any CPU
		{35B93DF0-3F46-462F-9716-24F34E896773}.Release|Any CPU.Build.0 = Release|Any CPU
	EndGlobalSection
	GlobalSection(SolutionProperties) = preSolution
		HideSolutionNode = FALSE
	EndGlobalSection
	GlobalSection(ExtensibilityGlobals) = postSolution
		SolutionGuid = {52066601-3F1A-40B6-9FF5-6CF759CB6B57}
	EndGlobalSection
EndGlobal
